
Microsoft Visual Studio Solution File, Format Version 12.00
# Visual Studio Version 17
VisualStudioVersion = 17.5.33516.290
MinimumVisualStudioVersion = 10.0.40219.1
Project("{9A19103F-16F7-4668-BE54-9A1E7A4F7556}") = "TodoApp", "TodoApp\TodoApp.csproj", "{048F5E1E-DA63-4891-9DE0-6F50F8146B24}"
EndProject
Global
	GlobalSection(SolutionConfigurationPlatforms) = preSolution
		Debug|Any CPU = Debug|Any CPU
		Release|Any CPU = Release|Any CPU
	EndGlobalSection
	GlobalSection(ProjectConfigurationPlatforms) = postSolution
		{048F5E1E-DA63-4891-9DE0-6F50F8146B24}.Debug|Any CPU.ActiveCfg = Debug|Any CPU
		{048F5E1E-DA63-4891-9DE0-6F50F8146B24}.Debug|Any CPU.Build.0 = Debug|Any CPU
		{048F5E1E-DA63-4891-9DE0-6F50F8146B24}.Release|Any CPU.ActiveCfg = Release|Any CPU
		{048F5E1E-DA63-4891-9DE0-6F50F8146B24}.Release|Any CPU.Build.0 = Release|Any CPU
	EndGlobalSection
	GlobalSection(SolutionProperties) = preSolution
		HideSolutionNode = FALSE
	EndGlobalSection
	GlobalSection(ExtensibilityGlobals) = postSolution
		SolutionGuid = {2D4CC86A-D55D-4168-B117-BE1DB101EF59}
	EndGlobalSection
EndGlobal
